// !$*UTF8*$!
{
	archiveVersion = 1;
	classes = {
	};
	objectVersion = 50;
	objects = {

/* Begin PBXBuildFile section */
		6782EE8F2110AD8E00757E63 /* AppDelegate.swift in Sources */ = {isa = PBXBuildFile; fileRef = 6782EE8E2110AD8E00757E63 /* AppDelegate.swift */; };
		6782EE912110AD8E00757E63 /* ViewController.swift in Sources */ = {isa = PBXBuildFile; fileRef = 6782EE902110AD8E00757E63 /* ViewController.swift */; };
		6782EE942110AD8E00757E63 /* Main.storyboard in Resources */ = {isa = PBXBuildFile; fileRef = 6782EE922110AD8E00757E63 /* Main.storyboard */; };
		6782EE962110AD8F00757E63 /* Assets.xcassets in Resources */ = {isa = PBXBuildFile; fileRef = 6782EE952110AD8F00757E63 /* Assets.xcassets */; };
		6782EE992110AD8F00757E63 /* LaunchScreen.storyboard in Resources */ = {isa = PBXBuildFile; fileRef = 6782EE972110AD8F00757E63 /* LaunchScreen.storyboard */; };
		6782EEA42110AD8F00757E63 /* TestTests.swift in Sources */ = {isa = PBXBuildFile; fileRef = 6782EEA32110AD8F00757E63 /* TestTests.swift */; };
		6782EEAF2110AD9000757E63 /* TestUITests.swift in Sources */ = {isa = PBXBuildFile; fileRef = 6782EEAE2110AD9000757E63 /* TestUITests.swift */; };
/* End PBXBuildFile section */

/* Begin PBXContainerItemProxy section */
		6782EEA02110AD8F00757E63 /* PBXContainerItemProxy */ = {
			isa = PBXContainerItemProxy;
			containerPortal = 6782EE832110AD8E00757E63 /* Project object */;
			proxyType = 1;
			remoteGlobalIDString = 6782EE8A2110AD8E00757E63;
			remoteInfo = Test;
		};
		6782EEAB2110AD9000757E63 /* PBXContainerItemProxy */ = {
			isa = PBXContainerItemProxy;
			containerPortal = 6782EE832110AD8E00757E63 /* Project object */;
			proxyType = 1;
			remoteGlobalIDString = 6782EE8A2110AD8E00757E63;
			remoteInfo = Test;
		};
/* End PBXContainerItemProxy section */

/* Begin PBXFileReference section */
		6782EE8B2110AD8E00757E63 /* Test.app */ = {isa = PBXFileReference; explicitFileType = wrapper.application; includeInIndex = 0; path = Test.app; sourceTree = BUILT_PRODUCTS_DIR; };
		6782EE8E2110AD8E00757E63 /* AppDelegate.swift */ = {isa = PBXFileReference; lastKnownFileType = sourcecode.swift; path = AppDelegate.swift; sourceTree = "<group>"; };
		6782EE902110AD8E00757E63 /* ViewController.swift */ = {isa = PBXFileReference; lastKnownFileType = sourcecode.swift; path = ViewController.swift; sourceTree = "<group>"; };
		6782EE932110AD8E00757E63 /* Base */ = {isa = PBXFileReference; lastKnownFileType = file.storyboard; name = Base; path = Base.lproj/Main.storyboard; sourceTree = "<group>"; };
		6782EE952110AD8F00757E63 /* Assets.xcassets */ = {isa = PBXFileReference; lastKnownFileType = folder.assetcatalog; path = Assets.xcassets; sourceTree = "<group>"; };
		6782EE982110AD8F00757E63 /* Base */ = {isa = PBXFileReference; lastKnownFileType = file.storyboard; name = Base; path = Base.lproj/LaunchScreen.storyboard; sourceTree = "<group>"; };
		6782EE9A2110AD8F00757E63 /* Info.plist */ = {isa = PBXFileReference; lastKnownFileType = text.plist.xml; path = Info.plist; sourceTree = "<group>"; };
		6782EE9F2110AD8F00757E63 /* TestTests.xctest */ = {isa = PBXFileReference; explicitFileType = wrapper.cfbundle; includeInIndex = 0; path = TestTests.xctest; sourceTree = BUILT_PRODUCTS_DIR; };
		6782EEA32110AD8F00757E63 /* TestTests.swift */ = {isa = PBXFileReference; lastKnownFileType = sourcecode.swift; path = TestTests.swift; sourceTree = "<group>"; };
		6782EEA52110AD8F00757E63 /* Info.plist */ = {isa = PBXFileReference; lastKnownFileType = text.plist.xml; path = Info.plist; sourceTree = "<group>"; };
		6782EEAA2110AD9000757E63 /* TestUITests.xctest */ = {isa = PBXFileReference; explicitFileType = wrapper.cfbundle; includeInIndex = 0; path = TestUITests.xctest; sourceTree = BUILT_PRODUCTS_DIR; };
		6782EEAE2110AD9000757E63 /* TestUITests.swift */ = {isa = PBXFileReference; lastKnownFileType = sourcecode.swift; path = TestUITests.swift; sourceTree = "<group>"; };
		6782EEB02110AD9000757E63 /* Info.plist */ = {isa = PBXFileReference; lastKnownFileType = text.plist.xml; path = Info.plist; sourceTree = "<group>"; };
/* End PBXFileReference section */

/* Begin PBXFrameworksBuildPhase section */
		6782EE882110AD8E00757E63 /* Frameworks */ = {
			isa = PBXFrameworksBuildPhase;
			buildActionMask = 2147483647;
			files = (
			);
			runOnlyForDeploymentPostprocessing = 0;
		};
		6782EE9C2110AD8F00757E63 /* Frameworks */ = {
			isa = PBXFrameworksBuildPhase;
			buildActionMask = 2147483647;
			files = (
			);
			runOnlyForDeploymentPostprocessing = 0;
		};
		6782EEA72110AD9000757E63 /* Frameworks */ = {
			isa = PBXFrameworksBuildPhase;
			buildActionMask = 2147483647;
			files = (
			);
			runOnlyForDeploymentPostprocessing = 0;
		};
/* End PBXFrameworksBuildPhase section */

/* Begin PBXGroup section */
		6782EE822110AD8E00757E63 = {
			isa = PBXGroup;
			children = (
				6782EE8D2110AD8E00757E63 /* Test */,
				6782EEA22110AD8F00757E63 /* TestTests */,
				6782EEAD2110AD9000757E63 /* TestUITests */,
				6782EE8C2110AD8E00757E63 /* Products */,
			);
			sourceTree = "<group>";
		};
		6782EE8C2110AD8E00757E63 /* Products */ = {
			isa = PBXGroup;
			children = (
				6782EE8B2110AD8E00757E63 /* Test.app */,
				6782EE9F2110AD8F00757E63 /* TestTests.xctest */,
				6782EEAA2110AD9000757E63 /* TestUITests.xctest */,
			);
			name = Products;
			sourceTree = "<group>";
		};
		6782EE8D2110AD8E00757E63 /* Test */ = {
			isa = PBXGroup;
			children = (
				6782EE8E2110AD8E00757E63 /* AppDelegate.swift */,
				6782EE902110AD8E00757E63 /* ViewController.swift */,
				6782EE922110AD8E00757E63 /* Main.storyboard */,
				6782EE952110AD8F00757E63 /* Assets.xcassets */,
				6782EE972110AD8F00757E63 /* LaunchScreen.storyboard */,
				6782EE9A2110AD8F00757E63 /* Info.plist */,
			);
			path = Test;
			sourceTree = "<group>";
		};
		6782EEA22110AD8F00757E63 /* TestTests */ = {
			isa = PBXGroup;
			children = (
				6782EEA32110AD8F00757E63 /* TestTests.swift */,
				6782EEA52110AD8F00757E63 /* Info.plist */,
			);
			path = TestTests;
			sourceTree = "<group>";
		};
		6782EEAD2110AD9000757E63 /* TestUITests */ = {
			isa = PBXGroup;
			children = (
				6782EEAE2110AD9000757E63 /* TestUITests.swift */,
				6782EEB02110AD9000757E63 /* Info.plist */,
			);
			path = TestUITests;
			sourceTree = "<group>";
		};
/* End PBXGroup section */

/* Begin PBXNativeTarget section */
		6782EE8A2110AD8E00757E63 /* Test */ = {
			isa = PBXNativeTarget;
			buildConfigurationList = 6782EEB32110AD9000757E63 /* Build configuration list for PBXNativeTarget "Test" */;
			buildPhases = (
				6782EE872110AD8E00757E63 /* Sources */,
				6782EE882110AD8E00757E63 /* Frameworks */,
				6782EE892110AD8E00757E63 /* Resources */,
			);
			buildRules = (
			);
			dependencies = (
			);
			name = Test;
			productName = Test;
			productReference = 6782EE8B2110AD8E00757E63 /* Test.app */;
			productType = "com.apple.product-type.application";
		};
		6782EE9E2110AD8F00757E63 /* TestTests */ = {
			isa = PBXNativeTarget;
			buildConfigurationList = 6782EEB62110AD9000757E63 /* Build configuration list for PBXNativeTarget "TestTests" */;
			buildPhases = (
				6782EE9B2110AD8F00757E63 /* Sources */,
				6782EE9C2110AD8F00757E63 /* Frameworks */,
				6782EE9D2110AD8F00757E63 /* Resources */,
			);
			buildRules = (
			);
			dependencies = (
				6782EEA12110AD8F00757E63 /* PBXTargetDependency */,
			);
			name = TestTests;
			productName = TestTests;
			productReference = 6782EE9F2110AD8F00757E63 /* TestTests.xctest */;
			productType = "com.apple.product-type.bundle.unit-test";
		};
		6782EEA92110AD9000757E63 /* TestUITests */ = {
			isa = PBXNativeTarget;
			buildConfigurationList = 6782EEB92110AD9000757E63 /* Build configuration list for PBXNativeTarget "TestUITests" */;
			buildPhases = (
				6782EEA62110AD9000757E63 /* Sources */,
				6782EEA72110AD9000757E63 /* Frameworks */,
				6782EEA82110AD9000757E63 /* Resources */,
			);
			buildRules = (
			);
			dependencies = (
				6782EEAC2110AD9000757E63 /* PBXTargetDependency */,
			);
			name = TestUITests;
			productName = TestUITests;
			productReference = 6782EEAA2110AD9000757E63 /* TestUITests.xctest */;
			productType = "com.apple.product-type.bundle.ui-testing";
		};
/* End PBXNativeTarget section */

/* Begin PBXProject section */
		6782EE832110AD8E00757E63 /* Project object */ = {
			isa = PBXProject;
			attributes = {
				LastSwiftUpdateCheck = 0940;
				LastUpgradeCheck = 0940;
				ORGANIZATIONNAME = "harshit gupta";
				TargetAttributes = {
					6782EE8A2110AD8E00757E63 = {
						CreatedOnToolsVersion = 9.4.1;
					};
					6782EE9E2110AD8F00757E63 = {
						CreatedOnToolsVersion = 9.4.1;
						TestTargetID = 6782EE8A2110AD8E00757E63;
					};
					6782EEA92110AD9000757E63 = {
						CreatedOnToolsVersion = 9.4.1;
						TestTargetID = 6782EE8A2110AD8E00757E63;
					};
				};
			};
			buildConfigurationList = 6782EE862110AD8E00757E63 /* Build configuration list for PBXProject "Test" */;
			compatibilityVersion = "Xcode 9.3";
			developmentRegion = en;
			hasScannedForEncodings = 0;
			knownRegions = (
				en,
				Base,
			);
			mainGroup = 6782EE822110AD8E00757E63;
			productRefGroup = 6782EE8C2110AD8E00757E63 /* Products */;
			projectDirPath = "";
			projectRoot = "";
			targets = (
				6782EE8A2110AD8E00757E63 /* Test */,
				6782EE9E2110AD8F00757E63 /* TestTests */,
				6782EEA92110AD9000757E63 /* TestUITests */,
			);
		};
/* End PBXProject section */

/* Begin PBXResourcesBuildPhase section */
		6782EE892110AD8E00757E63 /* Resources */ = {
			isa = PBXResourcesBuildPhase;
			buildActionMask = 2147483647;
			files = (
				6782EE992110AD8F00757E63 /* LaunchScreen.storyboard in Resources */,
				6782EE962110AD8F00757E63 /* Assets.xcassets in Resources */,
				6782EE942110AD8E00757E63 /* Main.storyboard in Resources */,
			);
			runOnlyForDeploymentPostprocessing = 0;
		};
		6782EE9D2110AD8F00757E63 /* Resources */ = {
			isa = PBXResourcesBuildPhase;
			buildActionMask = 2147483647;
			files = (
			);
			runOnlyForDeploymentPostprocessing = 0;
		};
		6782EEA82110AD9000757E63 /* Resources */ = {
			isa = PBXResourcesBuildPhase;
			buildActionMask = 2147483647;
			files = (
			);
			runOnlyForDeploymentPostprocessing = 0;
		};
/* End PBXResourcesBuildPhase section */

/* Begin PBXSourcesBuildPhase section */
		6782EE872110AD8E00757E63 /* Sources */ = {
			isa = PBXSourcesBuildPhase;
			buildActionMask = 2147483647;
			files = (
				6782EE912110AD8E00757E63 /* ViewController.swift in Sources */,
				6782EE8F2110AD8E00757E63 /* AppDelegate.swift in Sources */,
			);
			runOnlyForDeploymentPostprocessing = 0;
		};
		6782EE9B2110AD8F00757E63 /* Sources */ = {
			isa = PBXSourcesBuildPhase;
			buildActionMask = 2147483647;
			files = (
				6782EEA42110AD8F00757E63 /* TestTests.swift in Sources */,
			);
			runOnlyForDeploymentPostprocessing = 0;
		};
		6782EEA62110AD9000757E63 /* Sources */ = {
			isa = PBXSourcesBuildPhase;
			buildActionMask = 2147483647;
			files = (
				6782EEAF2110AD9000757E63 /* TestUITests.swift in Sources */,
			);
			runOnlyForDeploymentPostprocessing = 0;
		};
/* End PBXSourcesBuildPhase section */

/* Begin PBXTargetDependency section */
		6782EEA12110AD8F00757E63 /* PBXTargetDependency */ = {
			isa = PBXTargetDependency;
			target = 6782EE8A2110AD8E00757E63 /* Test */;
			targetProxy = 6782EEA02110AD8F00757E63 /* PBXContainerItemProxy */;
		};
		6782EEAC2110AD9000757E63 /* PBXTargetDependency */ = {
			isa = PBXTargetDependency;
			target = 6782EE8A2110AD8E00757E63 /* Test */;
			targetProxy = 6782EEAB2110AD9000757E63 /* PBXContainerItemProxy */;
		};
/* End PBXTargetDependency section */

/* Begin PBXVariantGroup section */
		6782EE922110AD8E00757E63 /* Main.storyboard */ = {
			isa = PBXVariantGroup;
			children = (
				6782EE932110AD8E00757E63 /* Base */,
			);
			name = Main.storyboard;
			sourceTree = "<group>";
		};
		6782EE972110AD8F00757E63 /* LaunchScreen.storyboard */ = {
			isa = PBXVariantGroup;
			children = (
				6782EE982110AD8F00757E63 /* Base */,
			);
			name = LaunchScreen.storyboard;
			sourceTree = "<group>";
		};
/* End PBXVariantGroup section */

/* Begin XCBuildConfiguration section */
		6782EEB12110AD9000757E63 /* Debug */ = {
			isa = XCBuildConfiguration;
			buildSettings = {
				ALWAYS_SEARCH_USER_PATHS = NO;
				CLANG_ANALYZER_NONNULL = YES;
				CLANG_ANALYZER_NUMBER_OBJECT_CONVERSION = YES_AGGRESSIVE;
				CLANG_CXX_LANGUAGE_STANDARD = "gnu++14";
				CLANG_CXX_LIBRARY = "libc++";
				CLANG_ENABLE_MODULES = YES;
				CLANG_ENABLE_OBJC_ARC = YES;
				CLANG_ENABLE_OBJC_WEAK = YES;
				CLANG_WARN_BLOCK_CAPTURE_AUTORELEASING = YES;
				CLANG_WARN_BOOL_CONVERSION = YES;
				CLANG_WARN_COMMA = YES;
				CLANG_WARN_CONSTANT_CONVERSION = YES;
				CLANG_WARN_DEPRECATED_OBJC_IMPLEMENTATIONS = YES;
				CLANG_WARN_DIRECT_OBJC_ISA_USAGE = YES_ERROR;
				CLANG_WARN_DOCUMENTATION_COMMENTS = YES;
				CLANG_WARN_EMPTY_BODY = YES;
				CLANG_WARN_ENUM_CONVERSION = YES;
				CLANG_WARN_INFINITE_RECURSION = YES;
				CLANG_WARN_INT_CONVERSION = YES;
				CLANG_WARN_NON_LITERAL_NULL_CONVERSION = YES;
				CLANG_WARN_OBJC_IMPLICIT_RETAIN_SELF = YES;
				CLANG_WARN_OBJC_LITERAL_CONVERSION = YES;
				CLANG_WARN_OBJC_ROOT_CLASS = YES_ERROR;
				CLANG_WARN_RANGE_LOOP_ANALYSIS = YES;
				CLANG_WARN_STRICT_PROTOTYPES = YES;
				CLANG_WARN_SUSPICIOUS_MOVE = YES;
				CLANG_WARN_UNGUARDED_AVAILABILITY = YES_AGGRESSIVE;
				CLANG_WARN_UNREACHABLE_CODE = YES;
				CLANG_WARN__DUPLICATE_METHOD_MATCH = YES;
				CODE_SIGN_IDENTITY = "iPhone Developer";
				COPY_PHASE_STRIP = NO;
				DEBUG_INFORMATION_FORMAT = dwarf;
				ENABLE_STRICT_OBJC_MSGSEND = YES;
				ENABLE_TESTABILITY = YES;
				GCC_C_LANGUAGE_STANDARD = gnu11;
				GCC_DYNAMIC_NO_PIC = NO;
				GCC_NO_COMMON_BLOCKS = YES;
				GCC_OPTIMIZATION_LEVEL = 0;
				GCC_PREPROCESSOR_DEFINITIONS = (
					"DEBUG=1",
					"$(inherited)",
				);
				GCC_WARN_64_TO_32_BIT_CONVERSION = YES;
				GCC_WARN_ABOUT_RETURN_TYPE = YES_ERROR;
				GCC_WARN_UNDECLARED_SELECTOR = YES;
				GCC_WARN_UNINITIALIZED_AUTOS = YES_AGGRESSIVE;
				GCC_WARN_UNUSED_FUNCTION = YES;
				GCC_WARN_UNUSED_VARIABLE = YES;
				IPHONEOS_DEPLOYMENT_TARGET = 11.4;
				MTL_ENABLE_DEBUG_INFO = YES;
				ONLY_ACTIVE_ARCH = YES;
				SDKROOT = iphoneos;
				SWIFT_ACTIVE_COMPILATION_CONDITIONS = DEBUG;
				SWIFT_OPTIMIZATION_LEVEL = "-Onone";
			};
			name = Debug;
		};
		6782EEB22110AD9000757E63 /* Release */ = {
			isa = XCBuildConfiguration;
			buildSettings = {
				ALWAYS_SEARCH_USER_PATHS = NO;
				CLANG_ANALYZER_NONNULL = YES;
				CLANG_ANALYZER_NUMBER_OBJECT_CONVERSION = YES_AGGRESSIVE;
				CLANG_CXX_LANGUAGE_STANDARD = "gnu++14";
				CLANG_CXX_LIBRARY = "libc++";
				CLANG_ENABLE_MODULES = YES;
				CLANG_ENABLE_OBJC_ARC = YES;
				CLANG_ENABLE_OBJC_WEAK = YES;
				CLANG_WARN_BLOCK_CAPTURE_AUTORELEASING = YES;
				CLANG_WARN_BOOL_CONVERSION = YES;
				CLANG_WARN_COMMA = YES;
				CLANG_WARN_CONSTANT_CONVERSION = YES;
				CLANG_WARN_DEPRECATED_OBJC_IMPLEMENTATIONS = YES;
				CLANG_WARN_DIRECT_OBJC_ISA_USAGE = YES_ERROR;
				CLANG_WARN_DOCUMENTATION_COMMENTS = YES;
				CLANG_WARN_EMPTY_BODY = YES;
				CLANG_WARN_ENUM_CONVERSION = YES;
				CLANG_WARN_INFINITE_RECURSION = YES;
				CLANG_WARN_INT_CONVERSION = YES;
				CLANG_WARN_NON_LITERAL_NULL_CONVERSION = YES;
				CLANG_WARN_OBJC_IMPLICIT_RETAIN_SELF = YES;
				CLANG_WARN_OBJC_LITERAL_CONVERSION = YES;
				CLANG_WARN_OBJC_ROOT_CLASS = YES_ERROR;
				CLANG_WARN_RANGE_LOOP_ANALYSIS = YES;
				CLANG_WARN_STRICT_PROTOTYPES = YES;
				CLANG_WARN_SUSPICIOUS_MOVE = YES;
				CLANG_WARN_UNGUARDED_AVAILABILITY = YES_AGGRESSIVE;
				CLANG_WARN_UNREACHABLE_CODE = YES;
				CLANG_WARN__DUPLICATE_METHOD_MATCH = YES;
				CODE_SIGN_IDENTITY = "iPhone Developer";
				COPY_PHASE_STRIP = NO;
				DEBUG_INFORMATION_FORMAT = "dwarf-with-dsym";
				ENABLE_NS_ASSERTIONS = NO;
				ENABLE_STRICT_OBJC_MSGSEND = YES;
				GCC_C_LANGUAGE_STANDARD = gnu11;
				GCC_NO_COMMON_BLOCKS = YES;
				GCC_WARN_64_TO_32_BIT_CONVERSION = YES;
				GCC_WARN_ABOUT_RETURN_TYPE = YES_ERROR;
				GCC_WARN_UNDECLARED_SELECTOR = YES;
				GCC_WARN_UNINITIALIZED_AUTOS = YES_AGGRESSIVE;
				GCC_WARN_UNUSED_FUNCTION = YES;
				GCC_WARN_UNUSED_VARIABLE = YES;
				IPHONEOS_DEPLOYMENT_TARGET = 11.4;
				MTL_ENABLE_DEBUG_INFO = NO;
				SDKROOT = iphoneos;
				SWIFT_COMPILATION_MODE = wholemodule;
				SWIFT_OPTIMIZATION_LEVEL = "-O";
				VALIDATE_PRODUCT = YES;
			};
			name = Release;
		};
		6782EEB42110AD9000757E63 /* Debug */ = {
			isa = XCBuildConfiguration;
			buildSettings = {
				ASSETCATALOG_COMPILER_APPICON_NAME = AppIcon;
				CODE_SIGN_STYLE = Automatic;
				INFOPLIST_FILE = Test/Info.plist;
				LD_RUNPATH_SEARCH_PATHS = (
					"$(inherited)",
					"@executable_path/Frameworks",
				);
				PRODUCT_BUNDLE_IDENTIFIER = com.test.Test;
				PRODUCT_NAME = "$(TARGET_NAME)";
				SWIFT_VERSION = 4.0;
				TARGETED_DEVICE_FAMILY = "1,2";
			};
			name = Debug;
		};
		6782EEB52110AD9000757E63 /* Release */ = {
			isa = XCBuildConfiguration;
			buildSettings = {
				ASSETCATALOG_COMPILER_APPICON_NAME = AppIcon;
				CODE_SIGN_STYLE = Automatic;
				INFOPLIST_FILE = Test/Info.plist;
				LD_RUNPATH_SEARCH_PATHS = (
					"$(inherited)",
					"@executable_path/Frameworks",
				);
				PRODUCT_BUNDLE_IDENTIFIER = com.test.Test;
				PRODUCT_NAME = "$(TARGET_NAME)";
				SWIFT_VERSION = 4.0;
				TARGETED_DEVICE_FAMILY = "1,2";
			};
			name = Release;
		};
		6782EEB72110AD9000757E63 /* Debug */ = {
			isa = XCBuildConfiguration;
			buildSettings = {
				ALWAYS_EMBED_SWIFT_STANDARD_LIBRARIES = YES;
				BUNDLE_LOADER = "$(TEST_HOST)";
				CODE_SIGN_STYLE = Automatic;
				INFOPLIST_FILE = TestTests/Info.plist;
				LD_RUNPATH_SEARCH_PATHS = (
					"$(inherited)",
					"@executable_path/Frameworks",
					"@loader_path/Frameworks",
				);
				PRODUCT_BUNDLE_IDENTIFIER = com.test.TestTests;
				PRODUCT_NAME = "$(TARGET_NAME)";
				SWIFT_VERSION = 4.0;
				TARGETED_DEVICE_FAMILY = "1,2";
				TEST_HOST = "$(BUILT_PRODUCTS_DIR)/Test.app/Test";
			};
			name = Debug;
		};
		6782EEB82110AD9000757E63 /* Release */ = {
			isa = XCBuildConfiguration;
			buildSettings = {
				ALWAYS_EMBED_SWIFT_STANDARD_LIBRARIES = YES;
				BUNDLE_LOADER = "$(TEST_HOST)";
				CODE_SIGN_STYLE = Automatic;
				INFOPLIST_FILE = TestTests/Info.plist;
				LD_RUNPATH_SEARCH_PATHS = (
					"$(inherited)",
					"@executable_path/Frameworks",
					"@loader_path/Frameworks",
				);
				PRODUCT_BUNDLE_IDENTIFIER = com.test.TestTests;
				PRODUCT_NAME = "$(TARGET_NAME)";
				SWIFT_VERSION = 4.0;
				TARGETED_DEVICE_FAMILY = "1,2";
				TEST_HOST = "$(BUILT_PRODUCTS_DIR)/Test.app/Test";
			};
			name = Release;
		};
		6782EEBA2110AD9000757E63 /* Debug */ = {
			isa = XCBuildConfiguration;
			buildSettings = {
				ALWAYS_EMBED_SWIFT_STANDARD_LIBRARIES = YES;
				CODE_SIGN_STYLE = Automatic;
				INFOPLIST_FILE = TestUITests/Info.plist;
				LD_RUNPATH_SEARCH_PATHS = (
					"$(inherited)",
					"@executable_path/Frameworks",
					"@loader_path/Frameworks",
				);
				PRODUCT_BUNDLE_IDENTIFIER = com.test.TestUITests;
				PRODUCT_NAME = "$(TARGET_NAME)";
				SWIFT_VERSION = 4.0;
				TARGETED_DEVICE_FAMILY = "1,2";
				TEST_TARGET_NAME = Test;
			};
			name = Debug;
		};
		6782EEBB2110AD9000757E63 /* Release */ = {
			isa = XCBuildConfiguration;
			buildSettings = {
				ALWAYS_EMBED_SWIFT_STANDARD_LIBRARIES = YES;
				CODE_SIGN_STYLE = Automatic;
				INFOPLIST_FILE = TestUITests/Info.plist;
				LD_RUNPATH_SEARCH_PATHS = (
					"$(inherited)",
					"@executable_path/Frameworks",
					"@loader_path/Frameworks",
				);
				PRODUCT_BUNDLE_IDENTIFIER = com.test.TestUITests;
				PRODUCT_NAME = "$(TARGET_NAME)";
				SWIFT_VERSION = 4.0;
				TARGETED_DEVICE_FAMILY = "1,2";
				TEST_TARGET_NAME = Test;
			};
			name = Release;
		};
/* End XCBuildConfiguration section */

/* Begin XCConfigurationList section */
		6782EE862110AD8E00757E63 /* Build configuration list for PBXProject "Test" */ = {
			isa = XCConfigurationList;
			buildConfigurations = (
				6782EEB12110AD9000757E63 /* Debug */,
				6782EEB22110AD9000757E63 /* Release */,
			);
			defaultConfigurationIsVisible = 0;
			defaultConfigurationName = Release;
		};
		6782EEB32110AD9000757E63 /* Build configuration list for PBXNativeTarget "Test" */ = {
			isa = XCConfigurationList;
			buildConfigurations = (
				6782EEB42110AD9000757E63 /* Debug */,
				6782EEB52110AD9000757E63 /* Release */,
			);
			defaultConfigurationIsVisible = 0;
			defaultConfigurationName = Release;
		};
		6782EEB62110AD9000757E63 /* Build configuration list for PBXNativeTarget "TestTests" */ = {
			isa = XCConfigurationList;
			buildConfigurations = (
				6782EEB72110AD9000757E63 /* Debug */,
				6782EEB82110AD9000757E63 /* Release */,
			);
			defaultConfigurationIsVisible = 0;
			defaultConfigurationName = Release;
		};
		6782EEB92110AD9000757E63 /* Build configuration list for PBXNativeTarget "TestUITests" */ = {
			isa = XCConfigurationList;
			buildConfigurations = (
				6782EEBA2110AD9000757E63 /* Debug */,
				6782EEBB2110AD9000757E63 /* Release */,
			);
			defaultConfigurationIsVisible = 0;
			defaultConfigurationName = Release;
		};
/* End XCConfigurationList section */
	};
	rootObject = 6782EE832110AD8E00757E63 /* Project object */;
}
